dependencies:
  achimpieters/esp32-bl0937:
    component_hash: 199e69fea772cf6688336eac73207cde8aeb448eb94d0e63612c4a97c6030f11
    dependencies:
    - name: idf
      require: private
      version: '>=5.0'
    source:
      registry_url: https://components.espressif.com/
      type: service
    targets:
    - esp32
    - esp32c2
    - esp32c3
    - esp32c5
    - esp32c6
    - esp32c61
    - esp32s2
    - esp32s3
    version: 2.0.0
  achimpieters/esp32-button:
    component_hash: 9707de182ff540a76c1d17e941a020fd1fabe96a699c88c470c9160b1d9798a3
    dependencies:
    - name: idf
      require: private
      version: '>=5.0'
    source:
      registry_url: https://components.espressif.com/
      type: service
    targets:
    - esp32
    - esp32c2
    - esp32c3
    - esp32c5
    - esp32c6
    - esp32c61
    - esp32s2
    - esp32s3
    version: 1.2.3
  achimpieters/esp32-homekit:
    component_hash: bf885cc78eb89a50eb6622ed20d90783809998fcfde356b6c0bccd48f18512b3
    dependencies:
    - name: espressif/mdns
      registry_url: https://components.espressif.com
      require: private
      version: 1.8.2
    - name: idf
      require: private
      version: '>=5.0'
    - name: wolfssl/wolfssl
      registry_url: https://components.espressif.com
      require: private
      version: 5.8.0
    source:
      registry_url: https://components.espressif.com/
      type: service
    targets:
    - esp32
    - esp32c2
    - esp32c3
    - esp32c5
    - esp32c6
    - esp32s2
    - esp32s3
    - esp32h2
    - esp32p4
    version: 1.3.3
  espressif/mdns:
    component_hash: 3ec0af5f6bce310512e90f482388d21cc7c0e99668172d2f895356165fc6f7c5
    dependencies:
    - name: idf
      require: private
      version: '>=5.0'
    source:
      registry_url: https://components.espressif.com
      type: service
    version: 1.8.2
  idf:
    source:
      type: idf
    version: 5.4.0
  wolfssl/wolfssl:
    component_hash: b4ee661f0258f5353aa143754fd4c6577d743c9f9463aaa62b8a6f8f0916295b
    dependencies: []
    source:
      registry_url: https://components.espressif.com
      type: service
    version: 5.8.0
direct_dependencies:
- achimpieters/esp32-bl0937
- achimpieters/esp32-button
- achimpieters/esp32-homekit
- idf
manifest_hash: f5b6e7e11ea78140397a65c1b8ccb192638d245cfa051805883fdd08b812a707
target: esp32
version: 2.0.0
